
Microsoft Visual Studio Solution File, Format Version 12.00
# Visual Studio 15
VisualStudioVersion = 15.0.27703.2047
MinimumVisualStudioVersion = 10.0.40219.1
Project("{FAE04EC0-301F-11D3-BF4B-00C04F79EFBC}") = "Entidades", "Entidades\Entidades.csproj", "{0312FD2D-13BD-4BB9-8195-0D24E3C539BC}"
EndProject
Project("{FAE04EC0-301F-11D3-BF4B-00C04F79EFBC}") = "VistaConsola", "VistaConsola\VistaConsola.csproj", "{59F233CB-F5B9-48A5-8977-ED50BD1B5611}"
EndProject
Project("{FAE04EC0-301F-11D3-BF4B-00C04F79EFBC}") = "VistaForm", "VistaForm\VistaForm.csproj", "{97BBF812-A91A-416F-AA5F-531C4F19330C}"
EndProject
Global
	GlobalSection(SolutionConfigurationPlatforms) = preSolution
		Debug|Any CPU = Debug|Any CPU
		Release|Any CPU = Release|Any CPU
	EndGlobalSection
	GlobalSection(ProjectConfigurationPlatforms) = postSolution
		{0312FD2D-13BD-4BB9-8195-0D24E3C539BC}.Debug|Any CPU.ActiveCfg = Debug|Any CPU
		{0312FD2D-13BD-4BB9-8195-0D24E3C539BC}.Debug|Any CPU.Build.0 = Debug|Any CPU
		{0312FD2D-13BD-4BB9-8195-0D24E3C539BC}.Release|Any CPU.ActiveCfg = Release|Any CPU
		{0312FD2D-13BD-4BB9-8195-0D24E3C539BC}.Release|Any CPU.Build.0 = Release|Any CPU
		{59F233CB-F5B9-48A5-8977-ED50BD1B5611}.Debug|Any CPU.ActiveCfg = Debug|Any CPU
		{59F233CB-F5B9-48A5-8977-ED50BD1B5611}.Debug|Any CPU.Build.0 = Debug|Any CPU
		{59F233CB-F5B9-48A5-8977-ED50BD1B5611}.Release|Any CPU.ActiveCfg = Release|Any CPU
		{59F233CB-F5B9-48A5-8977-ED50BD1B5611}.Release|Any CPU.Build.0 = Release|Any CPU
		{97BBF812-A91A-416F-AA5F-531C4F19330C}.Debug|Any CPU.ActiveCfg = Debug|Any CPU
		{97BBF812-A91A-416F-AA5F-531C4F19330C}.Debug|Any CPU.Build.0 = Debug|Any CPU
		{97BBF812-A91A-416F-AA5F-531C4F19330C}.Release|Any CPU.ActiveCfg = Release|Any CPU
		{97BBF812-A91A-416F-AA5F-531C4F19330C}.Release|Any CPU.Build.0 = Release|Any CPU
	EndGlobalSection
	GlobalSection(SolutionProperties) = preSolution
		HideSolutionNode = FALSE
	EndGlobalSection
	GlobalSection(ExtensibilityGlobals) = postSolution
		SolutionGuid = {9255451A-9C42-47CF-B578-3C34C6361E58}
	EndGlobalSection
EndGlobal
